
Microsoft Visual Studio Solution File, Format Version 12.00
# Visual Studio Version 16
VisualStudioVersion = 25.0.1705.7
MinimumVisualStudioVersion = 10.0.40219.1
Project("{FAE04EC0-301F-11D3-BF4B-00C04F79EFBC}") = "MvcMovie", "MvcMovie\MvcMovie.csproj", "{028AB19C-8850-4196-8A33-F1EA03AD551A}"
EndProject
Global
	GlobalSection(SolutionConfigurationPlatforms) = preSolution
		Debug|Any CPU = Debug|Any CPU
		Release|Any CPU = Release|Any CPU
	EndGlobalSection
	GlobalSection(ProjectConfigurationPlatforms) = postSolution
		{028AB19C-8850-4196-8A33-F1EA03AD551A}.Debug|Any CPU.ActiveCfg = Debug|Any CPU
		{028AB19C-8850-4196-8A33-F1EA03AD551A}.Debug|Any CPU.Build.0 = Debug|Any CPU
		{028AB19C-8850-4196-8A33-F1EA03AD551A}.Release|Any CPU.ActiveCfg = Release|Any CPU
		{028AB19C-8850-4196-8A33-F1EA03AD551A}.Release|Any CPU.Build.0 = Release|Any CPU
	EndGlobalSection
	GlobalSection(SolutionProperties) = preSolution
		HideSolutionNode = FALSE
	EndGlobalSection
	GlobalSection(ExtensibilityGlobals) = postSolution
		SolutionGuid = {8CB578CD-8D01-4E94-BF34-E5452D7F7EB7}
	EndGlobalSection
EndGlobal
