
Microsoft Visual Studio Solution File, Format Version 12.00
# Visual Studio Version 16
VisualStudioVersion = 25.0.1705.7
MinimumVisualStudioVersion = 10.0.40219.1
Project("{FAE04EC0-301F-11D3-BF4B-00C04F79EFBC}") = "MvcMovie", "MvcMovie.csproj", "{8D658889-C3EF-4DFF-89D6-A13F54626F3D}"
EndProject
Global
	GlobalSection(SolutionConfigurationPlatforms) = preSolution
		Debug|Any CPU = Debug|Any CPU
		Release|Any CPU = Release|Any CPU
	EndGlobalSection
	GlobalSection(ProjectConfigurationPlatforms) = postSolution
		{8D658889-C3EF-4DFF-89D6-A13F54626F3D}.Debug|Any CPU.ActiveCfg = Debug|Any CPU
		{8D658889-C3EF-4DFF-89D6-A13F54626F3D}.Debug|Any CPU.Build.0 = Debug|Any CPU
		{8D658889-C3EF-4DFF-89D6-A13F54626F3D}.Release|Any CPU.ActiveCfg = Release|Any CPU
		{8D658889-C3EF-4DFF-89D6-A13F54626F3D}.Release|Any CPU.Build.0 = Release|Any CPU
	EndGlobalSection
	GlobalSection(SolutionProperties) = preSolution
		HideSolutionNode = FALSE
	EndGlobalSection
	GlobalSection(ExtensibilityGlobals) = postSolution
		SolutionGuid = {E7D76318-05BA-4C56-89B0-E21E4F51EE79}
	EndGlobalSection
EndGlobal
